
Microsoft Visual Studio Solution File, Format Version 12.00
# Visual Studio Version 17
VisualStudioVersion = 17.0.31903.59
MinimumVisualStudioVersion = 10.0.40219.1
Project("{2150E333-8FDC-42A3-9474-1A3956D46DE8}") = "src", "src", "{827E0CD3-B72D-47B6-A68D-7590B98EB39B}"
EndProject
Project("{FAE04EC0-301F-11D3-BF4B-00C04F79EFBC}") = "SharedLib", "src\SharedLib\SharedLib.csproj", "{DD37F2A1-EA22-4E09-9CB0-708AE4E2A336}"
EndProject
Project("{FAE04EC0-301F-11D3-BF4B-00C04F79EFBC}") = "ApiHost", "src\ApiHost\ApiHost.csproj", "{3AB1CC65-F1D3-4F26-8E0C-C81C44721F81}"
EndProject
Project("{FAE04EC0-301F-11D3-BF4B-00C04F79EFBC}") = "PluginBase", "src\Plugins\PluginBase\PluginBase.csproj", "{ADE86576-E3FE-4802-AF27-C09DAB303D00}"
EndProject
Project("{FAE04EC0-301F-11D3-BF4B-00C04F79EFBC}") = "Plugin1000", "src\Plugins\Plugin1000\Plugin1000.csproj", "{4497554E-992A-45DE-AC36-81569539D4BE}"
EndProject
Project("{FAE04EC0-301F-11D3-BF4B-00C04F79EFBC}") = "Plugin2000", "src\Plugins\Plugin2000\Plugin2000.csproj", "{BD54622D-4BDC-409F-B10E-E84728FB19FD}"
EndProject
Global
	GlobalSection(SolutionConfigurationPlatforms) = preSolution
		Debug|Any CPU = Debug|Any CPU
		Debug|x64 = Debug|x64
		Debug|x86 = Debug|x86
		Release|Any CPU = Release|Any CPU
		Release|x64 = Release|x64
		Release|x86 = Release|x86
	EndGlobalSection
	GlobalSection(ProjectConfigurationPlatforms) = postSolution
		{DD37F2A1-EA22-4E09-9CB0-708AE4E2A336}.Debug|Any CPU.ActiveCfg = Debug|Any CPU
		{DD37F2A1-EA22-4E09-9CB0-708AE4E2A336}.Debug|Any CPU.Build.0 = Debug|Any CPU
		{DD37F2A1-EA22-4E09-9CB0-708AE4E2A336}.Debug|x64.ActiveCfg = Debug|Any CPU
		{DD37F2A1-EA22-4E09-9CB0-708AE4E2A336}.Debug|x64.Build.0 = Debug|Any CPU
		{DD37F2A1-EA22-4E09-9CB0-708AE4E2A336}.Debug|x86.ActiveCfg = Debug|Any CPU
		{DD37F2A1-EA22-4E09-9CB0-708AE4E2A336}.Debug|x86.Build.0 = Debug|Any CPU
		{DD37F2A1-EA22-4E09-9CB0-708AE4E2A336}.Release|Any CPU.ActiveCfg = Release|Any CPU
		{DD37F2A1-EA22-4E09-9CB0-708AE4E2A336}.Release|Any CPU.Build.0 = Release|Any CPU
		{DD37F2A1-EA22-4E09-9CB0-708AE4E2A336}.Release|x64.ActiveCfg = Release|Any CPU
		{DD37F2A1-EA22-4E09-9CB0-708AE4E2A336}.Release|x64.Build.0 = Release|Any CPU
		{DD37F2A1-EA22-4E09-9CB0-708AE4E2A336}.Release|x86.ActiveCfg = Release|Any CPU
		{DD37F2A1-EA22-4E09-9CB0-708AE4E2A336}.Release|x86.Build.0 = Release|Any CPU
		{3AB1CC65-F1D3-4F26-8E0C-C81C44721F81}.Debug|Any CPU.ActiveCfg = Debug|Any CPU
		{3AB1CC65-F1D3-4F26-8E0C-C81C44721F81}.Debug|Any CPU.Build.0 = Debug|Any CPU
		{3AB1CC65-F1D3-4F26-8E0C-C81C44721F81}.Debug|x64.ActiveCfg = Debug|Any CPU
		{3AB1CC65-F1D3-4F26-8E0C-C81C44721F81}.Debug|x64.Build.0 = Debug|Any CPU
		{3AB1CC65-F1D3-4F26-8E0C-C81C44721F81}.Debug|x86.ActiveCfg = Debug|Any CPU
		{3AB1CC65-F1D3-4F26-8E0C-C81C44721F81}.Debug|x86.Build.0 = Debug|Any CPU
		{3AB1CC65-F1D3-4F26-8E0C-C81C44721F81}.Release|Any CPU.ActiveCfg = Release|Any CPU
		{3AB1CC65-F1D3-4F26-8E0C-C81C44721F81}.Release|Any CPU.Build.0 = Release|Any CPU
		{3AB1CC65-F1D3-4F26-8E0C-C81C44721F81}.Release|x64.ActiveCfg = Release|Any CPU
		{3AB1CC65-F1D3-4F26-8E0C-C81C44721F81}.Release|x64.Build.0 = Release|Any CPU
		{3AB1CC65-F1D3-4F26-8E0C-C81C44721F81}.Release|x86.ActiveCfg = Release|Any CPU
		{3AB1CC65-F1D3-4F26-8E0C-C81C44721F81}.Release|x86.Build.0 = Release|Any CPU
		{ADE86576-E3FE-4802-AF27-C09DAB303D00}.Debug|Any CPU.ActiveCfg = Debug|Any CPU
		{ADE86576-E3FE-4802-AF27-C09DAB303D00}.Debug|Any CPU.Build.0 = Debug|Any CPU
		{ADE86576-E3FE-4802-AF27-C09DAB303D00}.Debug|x64.ActiveCfg = Debug|Any CPU
		{ADE86576-E3FE-4802-AF27-C09DAB303D00}.Debug|x64.Build.0 = Debug|Any CPU
		{ADE86576-E3FE-4802-AF27-C09DAB303D00}.Debug|x86.ActiveCfg = Debug|Any CPU
		{ADE86576-E3FE-4802-AF27-C09DAB303D00}.Debug|x86.Build.0 = Debug|Any CPU
		{ADE86576-E3FE-4802-AF27-C09DAB303D00}.Release|Any CPU.ActiveCfg = Release|Any CPU
		{ADE86576-E3FE-4802-AF27-C09DAB303D00}.Release|Any CPU.Build.0 = Release|Any CPU
		{ADE86576-E3FE-4802-AF27-C09DAB303D00}.Release|x64.ActiveCfg = Release|Any CPU
		{ADE86576-E3FE-4802-AF27-C09DAB303D00}.Release|x64.Build.0 = Release|Any CPU
		{ADE86576-E3FE-4802-AF27-C09DAB303D00}.Release|x86.ActiveCfg = Release|Any CPU
		{ADE86576-E3FE-4802-AF27-C09DAB303D00}.Release|x86.Build.0 = Release|Any CPU
		{4497554E-992A-45DE-AC36-81569539D4BE}.Debug|Any CPU.ActiveCfg = Debug|Any CPU
		{4497554E-992A-45DE-AC36-81569539D4BE}.Debug|Any CPU.Build.0 = Debug|Any CPU
		{4497554E-992A-45DE-AC36-81569539D4BE}.Debug|x64.ActiveCfg = Debug|Any CPU
		{4497554E-992A-45DE-AC36-81569539D4BE}.Debug|x64.Build.0 = Debug|Any CPU
		{4497554E-992A-45DE-AC36-81569539D4BE}.Debug|x86.ActiveCfg = Debug|Any CPU
		{4497554E-992A-45DE-AC36-81569539D4BE}.Debug|x86.Build.0 = Debug|Any CPU
		{4497554E-992A-45DE-AC36-81569539D4BE}.Release|Any CPU.ActiveCfg = Release|Any CPU
		{4497554E-992A-45DE-AC36-81569539D4BE}.Release|Any CPU.Build.0 = Release|Any CPU
		{4497554E-992A-45DE-AC36-81569539D4BE}.Release|x64.ActiveCfg = Release|Any CPU
		{4497554E-992A-45DE-AC36-81569539D4BE}.Release|x64.Build.0 = Release|Any CPU
		{4497554E-992A-45DE-AC36-81569539D4BE}.Release|x86.ActiveCfg = Release|Any CPU
		{4497554E-992A-45DE-AC36-81569539D4BE}.Release|x86.Build.0 = Release|Any CPU
		{BD54622D-4BDC-409F-B10E-E84728FB19FD}.Debug|Any CPU.ActiveCfg = Debug|Any CPU
		{BD54622D-4BDC-409F-B10E-E84728FB19FD}.Debug|Any CPU.Build.0 = Debug|Any CPU
		{BD54622D-4BDC-409F-B10E-E84728FB19FD}.Debug|x64.ActiveCfg = Debug|Any CPU
		{BD54622D-4BDC-409F-B10E-E84728FB19FD}.Debug|x64.Build.0 = Debug|Any CPU
		{BD54622D-4BDC-409F-B10E-E84728FB19FD}.Debug|x86.ActiveCfg = Debug|Any CPU
		{BD54622D-4BDC-409F-B10E-E84728FB19FD}.Debug|x86.Build.0 = Debug|Any CPU
		{BD54622D-4BDC-409F-B10E-E84728FB19FD}.Release|Any CPU.ActiveCfg = Release|Any CPU
		{BD54622D-4BDC-409F-B10E-E84728FB19FD}.Release|Any CPU.Build.0 = Release|Any CPU
		{BD54622D-4BDC-409F-B10E-E84728FB19FD}.Release|x64.ActiveCfg = Release|Any CPU
		{BD54622D-4BDC-409F-B10E-E84728FB19FD}.Release|x64.Build.0 = Release|Any CPU
		{BD54622D-4BDC-409F-B10E-E84728FB19FD}.Release|x86.ActiveCfg = Release|Any CPU
		{BD54622D-4BDC-409F-B10E-E84728FB19FD}.Release|x86.Build.0 = Release|Any CPU
	EndGlobalSection
	GlobalSection(SolutionProperties) = preSolution
		HideSolutionNode = FALSE
	EndGlobalSection
	GlobalSection(NestedProjects) = preSolution
		{DD37F2A1-EA22-4E09-9CB0-708AE4E2A336} = {827E0CD3-B72D-47B6-A68D-7590B98EB39B}
		{3AB1CC65-F1D3-4F26-8E0C-C81C44721F81} = {827E0CD3-B72D-47B6-A68D-7590B98EB39B}
		{ADE86576-E3FE-4802-AF27-C09DAB303D00} = {827E0CD3-B72D-47B6-A68D-7590B98EB39B}
		{4497554E-992A-45DE-AC36-81569539D4BE} = {827E0CD3-B72D-47B6-A68D-7590B98EB39B}
		{BD54622D-4BDC-409F-B10E-E84728FB19FD} = {827E0CD3-B72D-47B6-A68D-7590B98EB39B}
	EndGlobalSection
EndGlobal
